
Microsoft Visual Studio Solution File, Format Version 12.00
# Visual Studio Version 17
VisualStudioVersion = 17.3.32922.545
MinimumVisualStudioVersion = 10.0.40219.1
Project("{FAE04EC0-301F-11D3-BF4B-00C04F79EFBC}") = "2023-11-29_1___DistributoreGiochi", "2023-11-29_1___DistributoreGiochi\2023-11-29_1___DistributoreGiochi.csproj", "{1A50FFD6-A3B1-497C-9792-E4AA83FB9B38}"
EndProject
Global
	GlobalSection(SolutionConfigurationPlatforms) = preSolution
		Debug|Any CPU = Debug|Any CPU
		Release|Any CPU = Release|Any CPU
	EndGlobalSection
	GlobalSection(ProjectConfigurationPlatforms) = postSolution
		{1A50FFD6-A3B1-497C-9792-E4AA83FB9B38}.Debug|Any CPU.ActiveCfg = Debug|Any CPU
		{1A50FFD6-A3B1-497C-9792-E4AA83FB9B38}.Debug|Any CPU.Build.0 = Debug|Any CPU
		{1A50FFD6-A3B1-497C-9792-E4AA83FB9B38}.Release|Any CPU.ActiveCfg = Release|Any CPU
		{1A50FFD6-A3B1-497C-9792-E4AA83FB9B38}.Release|Any CPU.Build.0 = Release|Any CPU
	EndGlobalSection
	GlobalSection(SolutionProperties) = preSolution
		HideSolutionNode = FALSE
	EndGlobalSection
	GlobalSection(ExtensibilityGlobals) = postSolution
		SolutionGuid = {42409575-7D51-40FB-B565-4DC95787F918}
	EndGlobalSection
EndGlobal
