
Microsoft Visual Studio Solution File, Format Version 12.00
# Visual Studio Version 17
VisualStudioVersion = 17.5.33516.290
MinimumVisualStudioVersion = 10.0.40219.1
Project("{FAE04EC0-301F-11D3-BF4B-00C04F79EFBC}") = "2023-10-02_1", "2023-10-02_1\2023-10-02_1.csproj", "{395CB9FA-4721-45AC-AE29-DD0C973EB051}"
EndProject
Global
	GlobalSection(SolutionConfigurationPlatforms) = preSolution
		Debug|Any CPU = Debug|Any CPU
		Release|Any CPU = Release|Any CPU
	EndGlobalSection
	GlobalSection(ProjectConfigurationPlatforms) = postSolution
		{395CB9FA-4721-45AC-AE29-DD0C973EB051}.Debug|Any CPU.ActiveCfg = Debug|Any CPU
		{395CB9FA-4721-45AC-AE29-DD0C973EB051}.Debug|Any CPU.Build.0 = Debug|Any CPU
		{395CB9FA-4721-45AC-AE29-DD0C973EB051}.Release|Any CPU.ActiveCfg = Release|Any CPU
		{395CB9FA-4721-45AC-AE29-DD0C973EB051}.Release|Any CPU.Build.0 = Release|Any CPU
	EndGlobalSection
	GlobalSection(SolutionProperties) = preSolution
		HideSolutionNode = FALSE
	EndGlobalSection
	GlobalSection(ExtensibilityGlobals) = postSolution
		SolutionGuid = {F5784D55-F7BB-4454-832C-6C1A456D616B}
	EndGlobalSection
EndGlobal
