
Microsoft Visual Studio Solution File, Format Version 12.00
# Visual Studio Version 17
VisualStudioVersion = 17.3.32922.545
MinimumVisualStudioVersion = 10.0.40219.1
Project("{FAE04EC0-301F-11D3-BF4B-00C04F79EFBC}") = "2024_04_24_Verifica", "2024_04_24_Verifica\2024_04_24_Verifica.csproj", "{6053CA44-0698-4E5D-82B3-FA8BC34D1F7C}"
EndProject
Global
	GlobalSection(SolutionConfigurationPlatforms) = preSolution
		Debug|Any CPU = Debug|Any CPU
		Release|Any CPU = Release|Any CPU
	EndGlobalSection
	GlobalSection(ProjectConfigurationPlatforms) = postSolution
		{6053CA44-0698-4E5D-82B3-FA8BC34D1F7C}.Debug|Any CPU.ActiveCfg = Debug|Any CPU
		{6053CA44-0698-4E5D-82B3-FA8BC34D1F7C}.Debug|Any CPU.Build.0 = Debug|Any CPU
		{6053CA44-0698-4E5D-82B3-FA8BC34D1F7C}.Release|Any CPU.ActiveCfg = Release|Any CPU
		{6053CA44-0698-4E5D-82B3-FA8BC34D1F7C}.Release|Any CPU.Build.0 = Release|Any CPU
	EndGlobalSection
	GlobalSection(SolutionProperties) = preSolution
		HideSolutionNode = FALSE
	EndGlobalSection
	GlobalSection(ExtensibilityGlobals) = postSolution
		SolutionGuid = {AA615B0F-A112-4E19-B091-DE45EE2EFBD4}
	EndGlobalSection
EndGlobal
