
Microsoft Visual Studio Solution File, Format Version 12.00
# Visual Studio Version 17
VisualStudioVersion = 17.3.32922.545
MinimumVisualStudioVersion = 10.0.40219.1
Project("{FAE04EC0-301F-11D3-BF4B-00C04F79EFBC}") = "2024-01-24_1___Ereditarieta", "2024-01-24_1___Ereditarieta\2024-01-24_1___Ereditarieta.csproj", "{3809DC3A-E7F5-4450-B8C3-16195B32058E}"
EndProject
Global
	GlobalSection(SolutionConfigurationPlatforms) = preSolution
		Debug|Any CPU = Debug|Any CPU
		Release|Any CPU = Release|Any CPU
	EndGlobalSection
	GlobalSection(ProjectConfigurationPlatforms) = postSolution
		{3809DC3A-E7F5-4450-B8C3-16195B32058E}.Debug|Any CPU.ActiveCfg = Debug|Any CPU
		{3809DC3A-E7F5-4450-B8C3-16195B32058E}.Debug|Any CPU.Build.0 = Debug|Any CPU
		{3809DC3A-E7F5-4450-B8C3-16195B32058E}.Release|Any CPU.ActiveCfg = Release|Any CPU
		{3809DC3A-E7F5-4450-B8C3-16195B32058E}.Release|Any CPU.Build.0 = Release|Any CPU
	EndGlobalSection
	GlobalSection(SolutionProperties) = preSolution
		HideSolutionNode = FALSE
	EndGlobalSection
	GlobalSection(ExtensibilityGlobals) = postSolution
		SolutionGuid = {A20E81A6-50CF-44B6-9242-238A1D786142}
	EndGlobalSection
EndGlobal
