
Microsoft Visual Studio Solution File, Format Version 12.00
# Visual Studio Version 17
VisualStudioVersion = 17.5.33516.290
MinimumVisualStudioVersion = 10.0.40219.1
Project("{FAE04EC0-301F-11D3-BF4B-00C04F79EFBC}") = "2023-09-25_10", "2023-09-25_10\2023-09-25_10.csproj", "{2F1835DC-7FFF-4C30-B449-56E191AF0F79}"
EndProject
Global
	GlobalSection(SolutionConfigurationPlatforms) = preSolution
		Debug|Any CPU = Debug|Any CPU
		Release|Any CPU = Release|Any CPU
	EndGlobalSection
	GlobalSection(ProjectConfigurationPlatforms) = postSolution
		{2F1835DC-7FFF-4C30-B449-56E191AF0F79}.Debug|Any CPU.ActiveCfg = Debug|Any CPU
		{2F1835DC-7FFF-4C30-B449-56E191AF0F79}.Debug|Any CPU.Build.0 = Debug|Any CPU
		{2F1835DC-7FFF-4C30-B449-56E191AF0F79}.Release|Any CPU.ActiveCfg = Release|Any CPU
		{2F1835DC-7FFF-4C30-B449-56E191AF0F79}.Release|Any CPU.Build.0 = Release|Any CPU
	EndGlobalSection
	GlobalSection(SolutionProperties) = preSolution
		HideSolutionNode = FALSE
	EndGlobalSection
	GlobalSection(ExtensibilityGlobals) = postSolution
		SolutionGuid = {FD5F71E8-EBCB-4429-ACFE-6B48727F451E}
	EndGlobalSection
EndGlobal
