
Microsoft Visual Studio Solution File, Format Version 12.00
# Visual Studio Version 17
VisualStudioVersion = 17.5.33516.290
MinimumVisualStudioVersion = 10.0.40219.1
Project("{FAE04EC0-301F-11D3-BF4B-00C04F79EFBC}") = "2023-09-21_4", "2023-09-21_4\2023-09-21_4.csproj", "{87E7B06A-5A81-4C22-BC72-3684591B6292}"
EndProject
Global
	GlobalSection(SolutionConfigurationPlatforms) = preSolution
		Debug|Any CPU = Debug|Any CPU
		Release|Any CPU = Release|Any CPU
	EndGlobalSection
	GlobalSection(ProjectConfigurationPlatforms) = postSolution
		{87E7B06A-5A81-4C22-BC72-3684591B6292}.Debug|Any CPU.ActiveCfg = Debug|Any CPU
		{87E7B06A-5A81-4C22-BC72-3684591B6292}.Debug|Any CPU.Build.0 = Debug|Any CPU
		{87E7B06A-5A81-4C22-BC72-3684591B6292}.Release|Any CPU.ActiveCfg = Release|Any CPU
		{87E7B06A-5A81-4C22-BC72-3684591B6292}.Release|Any CPU.Build.0 = Release|Any CPU
	EndGlobalSection
	GlobalSection(SolutionProperties) = preSolution
		HideSolutionNode = FALSE
	EndGlobalSection
	GlobalSection(ExtensibilityGlobals) = postSolution
		SolutionGuid = {5209F052-393C-43FE-9351-3A2E64B15443}
	EndGlobalSection
EndGlobal
