
Microsoft Visual Studio Solution File, Format Version 12.00
# Visual Studio Version 17
VisualStudioVersion = 17.4.33205.214
MinimumVisualStudioVersion = 10.0.40219.1
Project("{FAE04EC0-301F-11D3-BF4B-00C04F79EFBC}") = "2024_05_17_2", "2024_05_17_2\2024_05_17_2.csproj", "{687B59AF-20F7-459A-AD47-D12168B0B561}"
EndProject
Global
	GlobalSection(SolutionConfigurationPlatforms) = preSolution
		Debug|Any CPU = Debug|Any CPU
		Release|Any CPU = Release|Any CPU
	EndGlobalSection
	GlobalSection(ProjectConfigurationPlatforms) = postSolution
		{687B59AF-20F7-459A-AD47-D12168B0B561}.Debug|Any CPU.ActiveCfg = Debug|Any CPU
		{687B59AF-20F7-459A-AD47-D12168B0B561}.Debug|Any CPU.Build.0 = Debug|Any CPU
		{687B59AF-20F7-459A-AD47-D12168B0B561}.Release|Any CPU.ActiveCfg = Release|Any CPU
		{687B59AF-20F7-459A-AD47-D12168B0B561}.Release|Any CPU.Build.0 = Release|Any CPU
	EndGlobalSection
	GlobalSection(SolutionProperties) = preSolution
		HideSolutionNode = FALSE
	EndGlobalSection
	GlobalSection(ExtensibilityGlobals) = postSolution
		SolutionGuid = {F9AA0737-CFFC-4330-953A-5E83B1F8E216}
	EndGlobalSection
EndGlobal
