
Microsoft Visual Studio Solution File, Format Version 12.00
# Visual Studio Version 17
VisualStudioVersion = 17.5.33516.290
MinimumVisualStudioVersion = 10.0.40219.1
Project("{FAE04EC0-301F-11D3-BF4B-00C04F79EFBC}") = "2024_05_15_1___CollabConLoZappone", "2024_05_15_1___CollabConLoZappone\2024_05_15_1___CollabConLoZappone.csproj", "{15EF5027-6E0C-49D1-976F-6722113DF74D}"
EndProject
Global
	GlobalSection(SolutionConfigurationPlatforms) = preSolution
		Debug|Any CPU = Debug|Any CPU
		Release|Any CPU = Release|Any CPU
	EndGlobalSection
	GlobalSection(ProjectConfigurationPlatforms) = postSolution
		{15EF5027-6E0C-49D1-976F-6722113DF74D}.Debug|Any CPU.ActiveCfg = Debug|Any CPU
		{15EF5027-6E0C-49D1-976F-6722113DF74D}.Debug|Any CPU.Build.0 = Debug|Any CPU
		{15EF5027-6E0C-49D1-976F-6722113DF74D}.Release|Any CPU.ActiveCfg = Release|Any CPU
		{15EF5027-6E0C-49D1-976F-6722113DF74D}.Release|Any CPU.Build.0 = Release|Any CPU
	EndGlobalSection
	GlobalSection(SolutionProperties) = preSolution
		HideSolutionNode = FALSE
	EndGlobalSection
	GlobalSection(ExtensibilityGlobals) = postSolution
		SolutionGuid = {9EB02980-CBCD-4997-8A86-A9761B615DC3}
	EndGlobalSection
EndGlobal
